
Microsoft Visual Studio Solution File, Format Version 12.00
# Visual Studio Version 17
VisualStudioVersion = 17.8.34601.278
MinimumVisualStudioVersion = 10.0.40219.1
Project("{9A19103F-16F7-4668-BE54-9A1E7A4F7556}") = "Shopping.Client", "Shopping.Client\Shopping.Client.csproj", "{A8F09F69-98A1-48F6-B071-069FD299AFCF}"
EndProject
Project("{2150E333-8FDC-42A3-9474-1A3956D46DE8}") = "Solution Items", "Solution Items", "{72FC81A5-9C5D-4011-8A64-9F80F5A320D7}"
	ProjectSection(SolutionItems) = preProject
		Commands.txt = Commands.txt
	EndProjectSection
EndProject
Project("{9A19103F-16F7-4668-BE54-9A1E7A4F7556}") = "Shopping.API", "Shopping.API\Shopping.API.csproj", "{21F487A2-997A-43D5-A474-B1943C3FC34D}"
EndProject
Project("{2150E333-8FDC-42A3-9474-1A3956D46DE8}") = "Arch", "Arch", "{F5B9A8D8-69CF-43A5-8E8F-038D20B8E74F}"
	ProjectSection(SolutionItems) = preProject
		Arch\WithMongo.png = Arch\WithMongo.png
	EndProjectSection
EndProject
Global
	GlobalSection(SolutionConfigurationPlatforms) = preSolution
		Debug|Any CPU = Debug|Any CPU
		Release|Any CPU = Release|Any CPU
	EndGlobalSection
	GlobalSection(ProjectConfigurationPlatforms) = postSolution
		{A8F09F69-98A1-48F6-B071-069FD299AFCF}.Debug|Any CPU.ActiveCfg = Debug|Any CPU
		{A8F09F69-98A1-48F6-B071-069FD299AFCF}.Debug|Any CPU.Build.0 = Debug|Any CPU
		{A8F09F69-98A1-48F6-B071-069FD299AFCF}.Release|Any CPU.ActiveCfg = Release|Any CPU
		{A8F09F69-98A1-48F6-B071-069FD299AFCF}.Release|Any CPU.Build.0 = Release|Any CPU
		{21F487A2-997A-43D5-A474-B1943C3FC34D}.Debug|Any CPU.ActiveCfg = Debug|Any CPU
		{21F487A2-997A-43D5-A474-B1943C3FC34D}.Debug|Any CPU.Build.0 = Debug|Any CPU
		{21F487A2-997A-43D5-A474-B1943C3FC34D}.Release|Any CPU.ActiveCfg = Release|Any CPU
		{21F487A2-997A-43D5-A474-B1943C3FC34D}.Release|Any CPU.Build.0 = Release|Any CPU
	EndGlobalSection
	GlobalSection(SolutionProperties) = preSolution
		HideSolutionNode = FALSE
	EndGlobalSection
	GlobalSection(ExtensibilityGlobals) = postSolution
		SolutionGuid = {9CA8FC64-5030-48D3-97FC-009E03AF414D}
	EndGlobalSection
EndGlobal
